lockfileVersion: '9.0'

settings:
  autoInstallPeers: true
  excludeLinksFromLockfile: false

importers:

  .:
    dependencies:
      discord.js-selfbot-v13:
        specifier: ^3.1.4
        version: 3.1.4
      source-map-support:
        specifier: ^0.5.21
        version: 0.5.21
      ws:
        specifier: ^8.17.1
        version: 8.17.1
    devDependencies:
      '@swc/core':
        specifier: ^1.6.6
        version: 1.6.6
      '@types/node':
        specifier: ^20.14.9
        version: 20.14.9
      discord-api-types:
        specifier: ^0.37.91
        version: 0.37.91

packages:

  '@aikochan2k6/qrcode-terminal@0.12.1':
    resolution: {integrity: sha512-GfSrCCqKti0XyomCOaFRL//dnEpDux4tJleywuYChjHue+pqjM0lP39cQq8qtmfcOm1CqhWQeB6JS6kY4tQ8Tw==}

  '@discordjs/builders@1.8.2':
    resolution: {integrity: sha512-6wvG3QaCjtMu0xnle4SoOIeFB4y6fKMN6WZfy3BMKJdQQtPLik8KGzDwBVL/+wTtcE/ZlFjgEk74GublyEVZ7g==}
    engines: {node: '>=16.11.0'}

  '@discordjs/collection@1.5.3':
    resolution: {integrity: sha512-SVb428OMd3WO1paV3rm6tSjM4wC+Kecaa1EUGX7vc6/fddvw/6lg90z4QtCqm21zvVe92vMMDt9+DkIvjXImQQ==}
    engines: {node: '>=16.11.0'}

  '@discordjs/formatters@0.4.0':
    resolution: {integrity: sha512-fJ06TLC1NiruF35470q3Nr1bi95BdvKFAF+T5bNfZJ4bNdqZ3VZ+Ttg6SThqTxm6qumSG3choxLBHMC69WXNXQ==}
    engines: {node: '>=16.11.0'}

  '@discordjs/util@1.1.0':
    resolution: {integrity: sha512-IndcI5hzlNZ7GS96RV3Xw1R2kaDuXEp7tRIy/KlhidpN/BQ1qh1NZt3377dMLTa44xDUNKT7hnXkA/oUAzD/lg==}
    engines: {node: '>=16.11.0'}

  '@sapphire/async-queue@1.5.2':
    resolution: {integrity: sha512-7X7FFAA4DngXUl95+hYbUF19bp1LGiffjJtu7ygrZrbdCSsdDDBaSjB7Akw0ZbOu6k0xpXyljnJ6/RZUvLfRdg==}
    engines: {node: '>=v14.0.0', npm: '>=7.0.0'}

  '@sapphire/shapeshift@3.9.7':
    resolution: {integrity: sha512-4It2mxPSr4OGn4HSQWGmhFMsNFGfFVhWeRPCRwbH972Ek2pzfGRZtb0pJ4Ze6oIzcyh2jw7nUDa6qGlWofgd9g==}
    engines: {node: '>=v16'}

  '@swc/core-darwin-arm64@1.6.6':
    resolution: {integrity: sha512-5DA8NUGECcbcK1YLKJwNDKqdtTYDVnkfDU1WvQSXq/rU+bjYCLtn5gCe8/yzL7ISXA6rwqPU1RDejhbNt4ARLQ==}
    engines: {node: '>=10'}
    cpu: [arm64]
    os: [darwin]

  '@swc/core-darwin-x64@1.6.6':
    resolution: {integrity: sha512-2nbh/RHpweNRsJiYDFk1KcX7UtaKgzzTNUjwtvK5cp0wWrpbXmPvdlWOx3yzwoiSASDFx78242JHHXCIOlEdsw==}
    engines: {node: '>=10'}
    cpu: [x64]
    os: [darwin]

  '@swc/core-linux-arm-gnueabihf@1.6.6':
    resolution: {integrity: sha512-YgytuyUfR7b0z0SRHKV+ylr83HmgnROgeT7xryEkth6JGpAEHooCspQ4RrWTU8+WKJ7aXiZlGXPgybQ4TiS+TA==}
    engines: {node: '>=10'}
    cpu: [arm]
    os: [linux]

  '@swc/core-linux-arm64-gnu@1.6.6':
    resolution: {integrity: sha512-yGwx9fddzEE0iURqRVwKBQ4IwRHE6hNhl15WliHpi/PcYhzmYkUIpcbRXjr0dssubXAVPVnx6+jZVDSbutvnfg==}
    engines: {node: '>=10'}
    cpu: [arm64]
    os: [linux]

  '@swc/core-linux-arm64-musl@1.6.6':
    resolution: {integrity: sha512-a6fMbqzSAsS5KCxFJyg1mD5kwN3ZFO8qQLyJ75R/htZP/eCt05jrhmOI7h2n+1HjiG332jLnZ9S8lkVE5O8Nqw==}
    engines: {node: '>=10'}
    cpu: [arm64]
    os: [linux]

  '@swc/core-linux-x64-gnu@1.6.6':
    resolution: {integrity: sha512-hRGsUKNzzZle28YF0dYIpN0bt9PceR9LaVBq7x8+l9TAaDLFbgksSxcnU/ubTtsy+WsYSYGn+A83w3xWC0O8CQ==}
    engines: {node: '>=10'}
    cpu: [x64]
    os: [linux]

  '@swc/core-linux-x64-musl@1.6.6':
    resolution: {integrity: sha512-NokIUtFxJDVv3LzGeEtYMTV3j2dnGKLac59luTeq36DQLZdJQawQIdTbzzWl2jE7lxxTZme+dhsVOH9LxE3ceg==}
    engines: {node: '>=10'}
    cpu: [x64]
    os: [linux]

  '@swc/core-win32-arm64-msvc@1.6.6':
    resolution: {integrity: sha512-lzYdI4qb4k1dFG26yv+9Jaq/bUMAhgs/2JsrLncGjLof86+uj74wKYCQnbzKAsq2hDtS5DqnHnl+//J+miZfGA==}
    engines: {node: '>=10'}
    cpu: [arm64]
    os: [win32]

  '@swc/core-win32-ia32-msvc@1.6.6':
    resolution: {integrity: sha512-bvl7FMaXIJQ76WZU0ER4+RyfKIMGb6S2MgRkBhJOOp0i7VFx4WLOnrmMzaeoPJaJSkityVKAftfNh7NBzTIydQ==}
    engines: {node: '>=10'}
    cpu: [ia32]
    os: [win32]

  '@swc/core-win32-x64-msvc@1.6.6':
    resolution: {integrity: sha512-WAP0JoCTfgeYKgOeYJoJV4ZS0sQUmU3OwvXa2dYYtMLF7zsNqOiW4niU7QlThBHgUv/qNZm2p6ITEgh3w1cltw==}
    engines: {node: '>=10'}
    cpu: [x64]
    os: [win32]

  '@swc/core@1.6.6':
    resolution: {integrity: sha512-sHfmIUPUXNrQTwFMVCY5V5Ena2GTOeaWjS2GFUpjLhAgVfP90OP67DWow7+cYrfFtqBdILHuWnjkTcd0+uPKlg==}
    engines: {node: '>=10'}
    peerDependencies:
      '@swc/helpers': '*'
    peerDependenciesMeta:
      '@swc/helpers':
        optional: true

  '@swc/counter@0.1.3':
    resolution: {integrity: sha512-e2BR4lsJkkRlKZ/qCHPw9ZaSxc0MVUd7gtbtaB7aMvHeJVYe8sOB8DBZkP2DtISHGSku9sCK6T6cnY0CtXrOCQ==}

  '@swc/types@0.1.9':
    resolution: {integrity: sha512-qKnCno++jzcJ4lM4NTfYifm1EFSCeIfKiAHAfkENZAV5Kl9PjJIyd2yeeVv6c/2CckuLyv2NmRC5pv6pm2WQBg==}

  '@types/node-fetch@2.6.11':
    resolution: {integrity: sha512-24xFj9R5+rfQJLRyM56qh+wnVSYhyXC2tkoBndtY0U+vubqNsYXGjufB2nn8Q6gt0LrARwL6UBtMCSVCwl4B1g==}

  '@types/node@20.14.9':
    resolution: {integrity: sha512-06OCtnTXtWOZBJlRApleWndH4JsRVs1pDCc8dLSQp+7PpUpX3ePdHyeNSFTeSe7FtKyQkrlPvHwJOW3SLd8Oyg==}

  '@types/ws@8.5.10':
    resolution: {integrity: sha512-vmQSUcfalpIq0R9q7uTo2lXs6eGIpt9wtnLdMv9LVpIjCA/+ufZRozlVoVelIYixx1ugCBKDhn89vnsEGOCx9A==}

  asynckit@0.4.0:
    resolution: {integrity: sha512-Oei9OH4tRh0YqU3GxhX79dM/mwVgvbZJaSNaRk+bshkj0S5cfHcgYakreBjrHwatXKbz+IoIdYLxrKim2MjW0Q==}

  buffer-from@1.1.2:
    resolution: {integrity: sha512-E+XQCRwSbaaiChtv6k6Dwgc+bx+Bs6vuKJHHl5kox/BaKbhiXzqQOwK4cO22yElGp2OCmjwVhT3HmxgyPGnJfQ==}

  combined-stream@1.0.8:
    resolution: {integrity: sha512-FQN4MRfuJeHf7cBbBMJFXhKSDq+2kAArBlmRBvcvFE5BB1HZKXtSFASDhdlz9zOYwxh8lDdnvmMOe/+5cdoEdg==}
    engines: {node: '>= 0.8'}

  delayed-stream@1.0.0:
    resolution: {integrity: sha512-ZySD7Nf91aLB0RxL4KGrKHBXl7Eds1DAmEdcoVawXnLD7SDhpNgtuII2aAkg7a7QS41jxPSZ17p4VdGnMHk3MQ==}
    engines: {node: '>=0.4.0'}

  discord-api-types@0.37.83:
    resolution: {integrity: sha512-urGGYeWtWNYMKnYlZnOnDHm8fVRffQs3U0SpE8RHeiuLKb/u92APS8HoQnPTFbnXmY1vVnXjXO4dOxcAn3J+DA==}

  discord-api-types@0.37.91:
    resolution: {integrity: sha512-yPGOP1SlkRtnT9Vor5noZHNm7t+EpRdaDvEoeqWTSCzeenMWyB1RbOGKYxdZ1OZijji51Yd1yodhOTi9CfrrQg==}

  discord.js-selfbot-v13@3.1.4:
    resolution: {integrity: sha512-MkUBnrRKIFsA8M/9IUxrGzZNJypzwA5mwyF3ZV4NJldHw6Z8GBAnkmH10rK8B2uUuCY+tfMSHbOxo796LUZiYg==}
    engines: {node: '>=16.6.0', npm: '>=7.0.0'}

  fast-deep-equal@3.1.3:
    resolution: {integrity: sha512-f3qQ9oQy9j2AhBe/H9VC91wLmKBCCU/gDOnKNAYG5hswO7BLKj09Hc5HYNz9cGI++xlpDCIgDaitVs03ATR84Q==}

  fetch-cookie@2.2.0:
    resolution: {integrity: sha512-h9AgfjURuCgA2+2ISl8GbavpUdR+WGAM2McW/ovn4tVccegp8ZqCKWSBR8uRdM8dDNlx5WdKRWxBYUwteLDCNQ==}

  form-data@4.0.0:
    resolution: {integrity: sha512-ETEklSGi5t0QMZuiXoA/Q6vcnxcLQP5vdugSpuAyi6SVGi2clPPp+xgEhuMaHC+zGgn31Kd235W35f7Hykkaww==}
    engines: {node: '>= 6'}

  lodash@4.17.21:
    resolution: {integrity: sha512-v2kDEe57lecTulaDIuNTPy3Ry4gLGJ6Z1O3vE1krgXZNrsQ+LFTGHVxVjcXPs17LhbZVGedAJv8XZ1tvj5FvSg==}

  mime-db@1.52.0:
    resolution: {integrity: sha512-sPU4uV7dYlvtWJxwwxHD0PuihVNiE7TyAbQ5SWxDCB9mUYvOgroQOwYQQOKPJ8CIbE+1ETVlOoK1UC2nU3gYvg==}
    engines: {node: '>= 0.6'}

  mime-types@2.1.35:
    resolution: {integrity: sha512-ZDY+bPm5zTTF+YpCrAU9nK0UgICYPT0QtT1NZWFv4s++TNkcgVaT0g6+4R2uI4MjQjzysHB1zxuWL50hzaeXiw==}
    engines: {node: '>= 0.6'}

  node-fetch@2.7.0:
    resolution: {integrity: sha512-c4FRfUm/dbcWZ7U+1Wq0AwCyFL+3nt2bEw05wfxSz+DWpWsitgmSgYmy2dQdWyKC1694ELPqMs/YzUSNozLt8A==}
    engines: {node: 4.x || >=6.0.0}
    peerDependencies:
      encoding: ^0.1.0
    peerDependenciesMeta:
      encoding:
        optional: true

  psl@1.9.0:
    resolution: {integrity: sha512-E/ZsdU4HLs/68gYzgGTkMicWTLPdAftJLfJFlLUAAKZGkStNU72sZjT66SnMDVOfOWY/YAoiD7Jxa9iHvngcag==}

  punycode@2.3.1:
    resolution: {integrity: sha512-vYt7UD1U9Wg6138shLtLOvdAu+8DsC/ilFtEVHcH+wydcSpNE20AfSOduf6MkRFahL5FY7X1oU7nKVZFtfq8Fg==}
    engines: {node: '>=6'}

  querystringify@2.2.0:
    resolution: {integrity: sha512-FIqgj2EUvTa7R50u0rGsyTftzjYmv/a3hO345bZNrqabNqjtgiDMgmo4mkUjd+nzU5oF3dClKqFIPUKybUyqoQ==}

  requires-port@1.0.0:
    resolution: {integrity: sha512-KigOCHcocU3XODJxsu8i/j8T9tzT4adHiecwORRQ0ZZFcp7ahwXuRU1m+yuO90C5ZUyGeGfocHDI14M3L3yDAQ==}

  set-cookie-parser@2.6.0:
    resolution: {integrity: sha512-RVnVQxTXuerk653XfuliOxBP81Sf0+qfQE73LIYKcyMYHG94AuH0kgrQpRDuTZnSmjpysHmzxJXKNfa6PjFhyQ==}

  source-map-support@0.5.21:
    resolution: {integrity: sha512-uBHU3L3czsIyYXKX88fdrGovxdSCoTGDRZ6SYXtSRxLZUzHg5P/66Ht6uoUlHu9EZod+inXhKo3qQgwXUT/y1w==}

  source-map@0.6.1:
    resolution: {integrity: sha512-UjgapumWlbMhkBgzT7Ykc5YXUT46F0iKu8SGXq0bcwP5dz/h0Plj6enJqjz1Zbq2l5WaqYnrVbwWOWMyF3F47g==}
    engines: {node: '>=0.10.0'}

  tough-cookie@4.1.4:
    resolution: {integrity: sha512-Loo5UUvLD9ScZ6jh8beX1T6sO1w2/MpCRpEP7V280GKMVUQ0Jzar2U3UJPsrdbziLEMMhu3Ujnq//rhiFuIeag==}
    engines: {node: '>=6'}

  tr46@0.0.3:
    resolution: {integrity: sha512-N3WMsuqV66lT30CrXNbEjx4GEwlow3v6rr4mCcv6prnfwhS01rkgyFdjPNBYd9br7LpXV1+Emh01fHnq2Gdgrw==}

  ts-mixer@6.0.4:
    resolution: {integrity: sha512-ufKpbmrugz5Aou4wcr5Wc1UUFWOLhq+Fm6qa6P0w0K5Qw2yhaUoiWszhCVuNQyNwrlGiscHOmqYoAox1PtvgjA==}

  tslib@2.6.3:
    resolution: {integrity: sha512-xNvxJEOUiWPGhUuUdQgAJPKOOJfGnIyKySOc09XkKsgdUV/3E2zvwZYdejjmRgPCgcym1juLH3226yA7sEFJKQ==}

  undici-types@5.26.5:
    resolution: {integrity: sha512-JlCMO+ehdEIKqlFxk6IfVoAUVmgz7cU7zD/h9XZ0qzeosSHmUJVOzSQvvYSYWXkFXC+IfLKSIffhv0sVZup6pA==}

  universalify@0.2.0:
    resolution: {integrity: sha512-CJ1QgKmNg3CwvAv/kOFmtnEN05f0D/cn9QntgNOQlQF9dgvVTHj3t+8JPdjqawCHk7V/KA+fbUqzZ9XWhcqPUg==}
    engines: {node: '>= 4.0.0'}

  url-parse@1.5.10:
    resolution: {integrity: sha512-WypcfiRhfeUP9vvF0j6rw0J3hrWrw6iZv3+22h6iRMJ/8z1Tj6XfLP4DsUix5MhMPnXpiHDoKyoZ/bdCkwBCiQ==}

  webidl-conversions@3.0.1:
    resolution: {integrity: sha512-2JAn3z8AR6rjK8Sm8orRC0h/bcl/DqL7tRPdGZ4I1CjdF+EaMLmYxBHyXuKL849eucPFhvBoxMsflfOb8kxaeQ==}

  whatwg-url@5.0.0:
    resolution: {integrity: sha512-saE57nupxk6v3HY35+jzBwYa0rKSy0XR8JSxZPwgLr7ys0IBzhGviA1/TUGJLmSVqs8pb9AnvICXEuOHLprYTw==}

  ws@8.17.1:
    resolution: {integrity: sha512-6XQFvXTkbfUOZOKKILFG1PDK2NDQs4azKQl26T0YS5CxqWLgXajbPZ+h4gZekJyRqFU8pvnbAbbs/3TgRPy+GQ==}
    engines: {node: '>=10.0.0'}
    peerDependencies:
      bufferutil: ^4.0.1
      utf-8-validate: '>=5.0.2'
    peerDependenciesMeta:
      bufferutil:
        optional: true
      utf-8-validate:
        optional: true

snapshots:

  '@aikochan2k6/qrcode-terminal@0.12.1': {}

  '@discordjs/builders@1.8.2':
    dependencies:
      '@discordjs/formatters': 0.4.0
      '@discordjs/util': 1.1.0
      '@sapphire/shapeshift': 3.9.7
      discord-api-types: 0.37.83
      fast-deep-equal: 3.1.3
      ts-mixer: 6.0.4
      tslib: 2.6.3

  '@discordjs/collection@1.5.3': {}

  '@discordjs/formatters@0.4.0':
    dependencies:
      discord-api-types: 0.37.83

  '@discordjs/util@1.1.0': {}

  '@sapphire/async-queue@1.5.2': {}

  '@sapphire/shapeshift@3.9.7':
    dependencies:
      fast-deep-equal: 3.1.3
      lodash: 4.17.21

  '@swc/core-darwin-arm64@1.6.6':
    optional: true

  '@swc/core-darwin-x64@1.6.6':
    optional: true

  '@swc/core-linux-arm-gnueabihf@1.6.6':
    optional: true

  '@swc/core-linux-arm64-gnu@1.6.6':
    optional: true

  '@swc/core-linux-arm64-musl@1.6.6':
    optional: true

  '@swc/core-linux-x64-gnu@1.6.6':
    optional: true

  '@swc/core-linux-x64-musl@1.6.6':
    optional: true

  '@swc/core-win32-arm64-msvc@1.6.6':
    optional: true

  '@swc/core-win32-ia32-msvc@1.6.6':
    optional: true

  '@swc/core-win32-x64-msvc@1.6.6':
    optional: true

  '@swc/core@1.6.6':
    dependencies:
      '@swc/counter': 0.1.3
      '@swc/types': 0.1.9
    optionalDependencies:
      '@swc/core-darwin-arm64': 1.6.6
      '@swc/core-darwin-x64': 1.6.6
      '@swc/core-linux-arm-gnueabihf': 1.6.6
      '@swc/core-linux-arm64-gnu': 1.6.6
      '@swc/core-linux-arm64-musl': 1.6.6
      '@swc/core-linux-x64-gnu': 1.6.6
      '@swc/core-linux-x64-musl': 1.6.6
      '@swc/core-win32-arm64-msvc': 1.6.6
      '@swc/core-win32-ia32-msvc': 1.6.6
      '@swc/core-win32-x64-msvc': 1.6.6

  '@swc/counter@0.1.3': {}

  '@swc/types@0.1.9':
    dependencies:
      '@swc/counter': 0.1.3

  '@types/node-fetch@2.6.11':
    dependencies:
      '@types/node': 20.14.9
      form-data: 4.0.0

  '@types/node@20.14.9':
    dependencies:
      undici-types: 5.26.5

  '@types/ws@8.5.10':
    dependencies:
      '@types/node': 20.14.9

  asynckit@0.4.0: {}

  buffer-from@1.1.2: {}

  combined-stream@1.0.8:
    dependencies:
      delayed-stream: 1.0.0

  delayed-stream@1.0.0: {}

  discord-api-types@0.37.83: {}

  discord-api-types@0.37.91: {}

  discord.js-selfbot-v13@3.1.4:
    dependencies:
      '@aikochan2k6/qrcode-terminal': 0.12.1
      '@discordjs/builders': 1.8.2
      '@discordjs/collection': 1.5.3
      '@sapphire/async-queue': 1.5.2
      '@sapphire/shapeshift': 3.9.7
      '@types/node-fetch': 2.6.11
      '@types/ws': 8.5.10
      discord-api-types: 0.37.91
      fetch-cookie: 2.2.0
      form-data: 4.0.0
      node-fetch: 2.7.0
      tough-cookie: 4.1.4
      ws: 8.17.1
    transitivePeerDependencies:
      - bufferutil
      - encoding
      - utf-8-validate

  fast-deep-equal@3.1.3: {}

  fetch-cookie@2.2.0:
    dependencies:
      set-cookie-parser: 2.6.0
      tough-cookie: 4.1.4

  form-data@4.0.0:
    dependencies:
      asynckit: 0.4.0
      combined-stream: 1.0.8
      mime-types: 2.1.35

  lodash@4.17.21: {}

  mime-db@1.52.0: {}

  mime-types@2.1.35:
    dependencies:
      mime-db: 1.52.0

  node-fetch@2.7.0:
    dependencies:
      whatwg-url: 5.0.0

  psl@1.9.0: {}

  punycode@2.3.1: {}

  querystringify@2.2.0: {}

  requires-port@1.0.0: {}

  set-cookie-parser@2.6.0: {}

  source-map-support@0.5.21:
    dependencies:
      buffer-from: 1.1.2
      source-map: 0.6.1

  source-map@0.6.1: {}

  tough-cookie@4.1.4:
    dependencies:
      psl: 1.9.0
      punycode: 2.3.1
      universalify: 0.2.0
      url-parse: 1.5.10

  tr46@0.0.3: {}

  ts-mixer@6.0.4: {}

  tslib@2.6.3: {}

  undici-types@5.26.5: {}

  universalify@0.2.0: {}

  url-parse@1.5.10:
    dependencies:
      querystringify: 2.2.0
      requires-port: 1.0.0

  webidl-conversions@3.0.1: {}

  whatwg-url@5.0.0:
    dependencies:
      tr46: 0.0.3
      webidl-conversions: 3.0.1

  ws@8.17.1: {}
